
Microsoft Visual Studio Solution File, Format Version 12.00
# Visual Studio Version 16
VisualStudioVersion = 16.0.30804.86
MinimumVisualStudioVersion = 10.0.40219.1
Project("{9A19103F-16F7-4668-BE54-9A1E7A4F7556}") = "ConsoleApp", "ConsoleApp\ConsoleApp.csproj", "{61FD17AB-98B7-457D-8BB5-E234A4BC7075}"
EndProject
Global
	GlobalSection(SolutionConfigurationPlatforms) = preSolution
		Debug|Any CPU = Debug|Any CPU
		Release|Any CPU = Release|Any CPU
	EndGlobalSection
	GlobalSection(ProjectConfigurationPlatforms) = postSolution
		{61FD17AB-98B7-457D-8BB5-E234A4BC7075}.Debug|Any CPU.ActiveCfg = Debug|Any CPU
		{61FD17AB-98B7-457D-8BB5-E234A4BC7075}.Debug|Any CPU.Build.0 = Debug|Any CPU
		{61FD17AB-98B7-457D-8BB5-E234A4BC7075}.Release|Any CPU.ActiveCfg = Release|Any CPU
		{61FD17AB-98B7-457D-8BB5-E234A4BC7075}.Release|Any CPU.Build.0 = Release|Any CPU
	EndGlobalSection
	GlobalSection(SolutionProperties) = preSolution
		HideSolutionNode = FALSE
	EndGlobalSection
	GlobalSection(ExtensibilityGlobals) = postSolution
		SolutionGuid = {CB24C6BB-7AF5-4DE5-B3B7-6FE8B55A9E4B}
	EndGlobalSection
EndGlobal
